// !$*UTF8*$!
{
	archiveVersion = 1;
	classes = {
	};
	objectVersion = 55;
	objects = {

/* Begin PBXBuildFile section */
		B39FCED4A4EB8BC7B6170AF2 /* Pods_paymentsApp.framework in Frameworks */ = {isa = PBXBuildFile; fileRef = 0BA0DA280596207CB832827D /* Pods_paymentsApp.framework */; };
		F800A91129742D2900FD8EF9 /* LoginFactory.swift in Sources */ = {isa = PBXBuildFile; fileRef = F800A91029742D2900FD8EF9 /* LoginFactory.swift */; };
		F800A91329742D3100FD8EF9 /* LoginExtension.swift in Sources */ = {isa = PBXBuildFile; fileRef = F800A91229742D3100FD8EF9 /* LoginExtension.swift */; };
		F800A91529742D3B00FD8EF9 /* LoginInteractor.swift in Sources */ = {isa = PBXBuildFile; fileRef = F800A91429742D3B00FD8EF9 /* LoginInteractor.swift */; };
		F800A91729742D4400FD8EF9 /* LoginPresenter.swift in Sources */ = {isa = PBXBuildFile; fileRef = F800A91629742D4400FD8EF9 /* LoginPresenter.swift */; };
		F800A91929742D4B00FD8EF9 /* LoginRouter.swift in Sources */ = {isa = PBXBuildFile; fileRef = F800A91829742D4B00FD8EF9 /* LoginRouter.swift */; };
		F800A91C2974345800FD8EF9 /* Buttons.swift in Sources */ = {isa = PBXBuildFile; fileRef = F800A91B2974345800FD8EF9 /* Buttons.swift */; };
		F800A91E29743AE900FD8EF9 /* DismissPopVcAll.swift in Sources */ = {isa = PBXBuildFile; fileRef = F800A91D29743AE900FD8EF9 /* DismissPopVcAll.swift */; };
		F800A9242974D3DA00FD8EF9 /* TextField.swift in Sources */ = {isa = PBXBuildFile; fileRef = F800A9232974D3DA00FD8EF9 /* TextField.swift */; };
		F80EB4E029770FF50054911F /* Background.swift in Sources */ = {isa = PBXBuildFile; fileRef = F80EB4DF29770FF50054911F /* Background.swift */; };
		F8380F4E296D8F5800CAE3B0 /* SplashInteractor.swift in Sources */ = {isa = PBXBuildFile; fileRef = F8380F4D296D8F5800CAE3B0 /* SplashInteractor.swift */; };
		F8380F50296D8F6000CAE3B0 /* SplashPresenter.swift in Sources */ = {isa = PBXBuildFile; fileRef = F8380F4F296D8F6000CAE3B0 /* SplashPresenter.swift */; };
		F8380F52296D8F6B00CAE3B0 /* SplashFactory.swift in Sources */ = {isa = PBXBuildFile; fileRef = F8380F51296D8F6B00CAE3B0 /* SplashFactory.swift */; };
		F8380F54296D8F7200CAE3B0 /* SplashRouter.swift in Sources */ = {isa = PBXBuildFile; fileRef = F8380F53296D8F7200CAE3B0 /* SplashRouter.swift */; };
		F846E3832970A8DC0089E19B /* PixViewController.swift in Sources */ = {isa = PBXBuildFile; fileRef = F846E3822970A8DC0089E19B /* PixViewController.swift */; };
		F846E3852970A8F50089E19B /* AcTokenViewController.swift in Sources */ = {isa = PBXBuildFile; fileRef = F846E3842970A8F50089E19B /* AcTokenViewController.swift */; };
		F846E3882970A9350089E19B /* AccessOptionsViewController.swift in Sources */ = {isa = PBXBuildFile; fileRef = F846E3872970A9350089E19B /* AccessOptionsViewController.swift */; };
		F846E38B2970ABA30089E19B /* AccessOptionsExtension.swift in Sources */ = {isa = PBXBuildFile; fileRef = F846E38A2970ABA30089E19B /* AccessOptionsExtension.swift */; };
		F846E38D2970ABB10089E19B /* AccessOptionsFactory.swift in Sources */ = {isa = PBXBuildFile; fileRef = F846E38C2970ABB10089E19B /* AccessOptionsFactory.swift */; };
		F846E38F2970ABBA0089E19B /* AccessOptionsInteractor.swift in Sources */ = {isa = PBXBuildFile; fileRef = F846E38E2970ABBA0089E19B /* AccessOptionsInteractor.swift */; };
		F846E3912970ABC10089E19B /* AccessOptionsPresenter.swift in Sources */ = {isa = PBXBuildFile; fileRef = F846E3902970ABC10089E19B /* AccessOptionsPresenter.swift */; };
		F846E3932970ABCA0089E19B /* AccessOptionsRouter.swift in Sources */ = {isa = PBXBuildFile; fileRef = F846E3922970ABCA0089E19B /* AccessOptionsRouter.swift */; };
		F846E3972970B32E0089E19B /* animatedMobilePhone.gif in Resources */ = {isa = PBXBuildFile; fileRef = F846E3962970B32E0089E19B /* animatedMobilePhone.gif */; };
		F846E3992970B3460089E19B /* SetupGif.swift in Sources */ = {isa = PBXBuildFile; fileRef = F846E3982970B3460089E19B /* SetupGif.swift */; };
		F846E39B2970B5820089E19B /* LoginViewController.swift in Sources */ = {isa = PBXBuildFile; fileRef = F846E39A2970B5820089E19B /* LoginViewController.swift */; };
		F867AAA5296C36B300C14767 /* SetupStatusBar.swift in Sources */ = {isa = PBXBuildFile; fileRef = F867AAA2296C36B300C14767 /* SetupStatusBar.swift */; };
		F867AAA6296C36B300C14767 /* AppRotations.swift in Sources */ = {isa = PBXBuildFile; fileRef = F867AAA3296C36B300C14767 /* AppRotations.swift */; };
		F867AAA7296C36B300C14767 /* Colors.swift in Sources */ = {isa = PBXBuildFile; fileRef = F867AAA4296C36B300C14767 /* Colors.swift */; };
		F86D36B82982BA0E004C3A82 /* AcTokenExtension.swift in Sources */ = {isa = PBXBuildFile; fileRef = F86D36B72982BA0E004C3A82 /* AcTokenExtension.swift */; };
		F86D36BA2982BA15004C3A82 /* AcTokenFactory.swift in Sources */ = {isa = PBXBuildFile; fileRef = F86D36B92982BA15004C3A82 /* AcTokenFactory.swift */; };
		F86D36BC2982BA21004C3A82 /* AcTokenInteractor.swift in Sources */ = {isa = PBXBuildFile; fileRef = F86D36BB2982BA21004C3A82 /* AcTokenInteractor.swift */; };
		F86D36BE2982BA2A004C3A82 /* AcTokenPresenter.swift in Sources */ = {isa = PBXBuildFile; fileRef = F86D36BD2982BA2A004C3A82 /* AcTokenPresenter.swift */; };
		F86D36C02982BA31004C3A82 /* AcTokenRouter.swift in Sources */ = {isa = PBXBuildFile; fileRef = F86D36BF2982BA31004C3A82 /* AcTokenRouter.swift */; };
		F8BCCBD3296C35280088AF28 /* AppDelegate.swift in Sources */ = {isa = PBXBuildFile; fileRef = F8BCCBD2296C35280088AF28 /* AppDelegate.swift */; };
		F8BCCBD5296C35280088AF28 /* SceneDelegate.swift in Sources */ = {isa = PBXBuildFile; fileRef = F8BCCBD4296C35280088AF28 /* SceneDelegate.swift */; };
		F8BCCBD7296C35280088AF28 /* SplashViewController.swift in Sources */ = {isa = PBXBuildFile; fileRef = F8BCCBD6296C35280088AF28 /* SplashViewController.swift */; };
		F8BCCBDA296C35280088AF28 /* Main.storyboard in Resources */ = {isa = PBXBuildFile; fileRef = F8BCCBD8296C35280088AF28 /* Main.storyboard */; };
		F8BCCBDC296C352A0088AF28 /* Assets.xcassets in Resources */ = {isa = PBXBuildFile; fileRef = F8BCCBDB296C352A0088AF28 /* Assets.xcassets */; };
		F8BCCBDF296C352A0088AF28 /* LaunchScreen.storyboard in Resources */ = {isa = PBXBuildFile; fileRef = F8BCCBDD296C352A0088AF28 /* LaunchScreen.storyboard */; };
		F8EAE920296E3BB6001475E0 /* PreLoginViewController.swift in Sources */ = {isa = PBXBuildFile; fileRef = F8EAE91F296E3BB6001475E0 /* PreLoginViewController.swift */; };
		F8EAE922296E3BC2001475E0 /* PreLoginInteractor.swift in Sources */ = {isa = PBXBuildFile; fileRef = F8EAE921296E3BC2001475E0 /* PreLoginInteractor.swift */; };
		F8EAE924296E3BC9001475E0 /* PreLoginPresenter.swift in Sources */ = {isa = PBXBuildFile; fileRef = F8EAE923296E3BC9001475E0 /* PreLoginPresenter.swift */; };
		F8EAE926296E3BD7001475E0 /* PreLoginFactory.swift in Sources */ = {isa = PBXBuildFile; fileRef = F8EAE925296E3BD7001475E0 /* PreLoginFactory.swift */; };
		F8EAE928296E3BE1001475E0 /* PreLoginRouter.swift in Sources */ = {isa = PBXBuildFile; fileRef = F8EAE927296E3BE1001475E0 /* PreLoginRouter.swift */; };
		F8EAE92A296E3BE8001475E0 /* PreLoginExtension.swift in Sources */ = {isa = PBXBuildFile; fileRef = F8EAE929296E3BE8001475E0 /* PreLoginExtension.swift */; };
/* End PBXBuildFile section */

/* Begin PBXFileReference section */
		0BA0DA280596207CB832827D /* Pods_paymentsApp.framework */ = {isa = PBXFileReference; explicitFileType = wrapper.framework; includeInIndex = 0; path = Pods_paymentsApp.framework; sourceTree = BUILT_PRODUCTS_DIR; };
		35AA57F68EBB9589932F34DB /* Pods-paymentsApp.release.xcconfig */ = {isa = PBXFileReference; includeInIndex = 1; lastKnownFileType = text.xcconfig; name = "Pods-paymentsApp.release.xcconfig"; path = "Target Support Files/Pods-paymentsApp/Pods-paymentsApp.release.xcconfig"; sourceTree = "<group>"; };
		58731E38B6AF2460448FCD92 /* Pods-paymentsApp.debug.xcconfig */ = {isa = PBXFileReference; includeInIndex = 1; lastKnownFileType = text.xcconfig; name = "Pods-paymentsApp.debug.xcconfig"; path = "Target Support Files/Pods-paymentsApp/Pods-paymentsApp.debug.xcconfig"; sourceTree = "<group>"; };
		F800A91029742D2900FD8EF9 /* LoginFactory.swift */ = {isa = PBXFileReference; lastKnownFileType = sourcecode.swift; path = LoginFactory.swift; sourceTree = "<group>"; };
		F800A91229742D3100FD8EF9 /* LoginExtension.swift */ = {isa = PBXFileReference; lastKnownFileType = sourcecode.swift; path = LoginExtension.swift; sourceTree = "<group>"; };
		F800A91429742D3B00FD8EF9 /* LoginInteractor.swift */ = {isa = PBXFileReference; lastKnownFileType = sourcecode.swift; path = LoginInteractor.swift; sourceTree = "<group>"; };
		F800A91629742D4400FD8EF9 /* LoginPresenter.swift */ = {isa = PBXFileReference; lastKnownFileType = sourcecode.swift; path = LoginPresenter.swift; sourceTree = "<group>"; };
		F800A91829742D4B00FD8EF9 /* LoginRouter.swift */ = {isa = PBXFileReference; lastKnownFileType = sourcecode.swift; path = LoginRouter.swift; sourceTree = "<group>"; };
		F800A91B2974345800FD8EF9 /* Buttons.swift */ = {isa = PBXFileReference; lastKnownFileType = sourcecode.swift; path = Buttons.swift; sourceTree = "<group>"; };
		F800A91D29743AE900FD8EF9 /* DismissPopVcAll.swift */ = {isa = PBXFileReference; lastKnownFileType = sourcecode.swift; path = DismissPopVcAll.swift; sourceTree = "<group>"; };
		F800A9232974D3DA00FD8EF9 /* TextField.swift */ = {isa = PBXFileReference; lastKnownFileType = sourcecode.swift; path = TextField.swift; sourceTree = "<group>"; };
		F80EB4DF29770FF50054911F /* Background.swift */ = {isa = PBXFileReference; lastKnownFileType = sourcecode.swift; path = Background.swift; sourceTree = "<group>"; };
		F8380F4D296D8F5800CAE3B0 /* SplashInteractor.swift */ = {isa = PBXFileReference; lastKnownFileType = sourcecode.swift; path = SplashInteractor.swift; sourceTree = "<group>"; };
		F8380F4F296D8F6000CAE3B0 /* SplashPresenter.swift */ = {isa = PBXFileReference; lastKnownFileType = sourcecode.swift; path = SplashPresenter.swift; sourceTree = "<group>"; };
		F8380F51296D8F6B00CAE3B0 /* SplashFactory.swift */ = {isa = PBXFileReference; lastKnownFileType = sourcecode.swift; path = SplashFactory.swift; sourceTree = "<group>"; };
		F8380F53296D8F7200CAE3B0 /* SplashRouter.swift */ = {isa = PBXFileReference; lastKnownFileType = sourcecode.swift; path = SplashRouter.swift; sourceTree = "<group>"; };
		F846E3822970A8DC0089E19B /* PixViewController.swift */ = {isa = PBXFileReference; lastKnownFileType = sourcecode.swift; path = PixViewController.swift; sourceTree = "<group>"; };
		F846E3842970A8F50089E19B /* AcTokenViewController.swift */ = {isa = PBXFileReference; lastKnownFileType = sourcecode.swift; path = AcTokenViewController.swift; sourceTree = "<group>"; };
		F846E3872970A9350089E19B /* AccessOptionsViewController.swift */ = {isa = PBXFileReference; lastKnownFileType = sourcecode.swift; path = AccessOptionsViewController.swift; sourceTree = "<group>"; };
		F846E38A2970ABA30089E19B /* AccessOptionsExtension.swift */ = {isa = PBXFileReference; lastKnownFileType = sourcecode.swift; path = AccessOptionsExtension.swift; sourceTree = "<group>"; };
		F846E38C2970ABB10089E19B /* AccessOptionsFactory.swift */ = {isa = PBXFileReference; lastKnownFileType = sourcecode.swift; path = AccessOptionsFactory.swift; sourceTree = "<group>"; };
		F846E38E2970ABBA0089E19B /* AccessOptionsInteractor.swift */ = {isa = PBXFileReference; lastKnownFileType = sourcecode.swift; path = AccessOptionsInteractor.swift; sourceTree = "<group>"; };
		F846E3902970ABC10089E19B /* AccessOptionsPresenter.swift */ = {isa = PBXFileReference; lastKnownFileType = sourcecode.swift; path = AccessOptionsPresenter.swift; sourceTree = "<group>"; };
		F846E3922970ABCA0089E19B /* AccessOptionsRouter.swift */ = {isa = PBXFileReference; lastKnownFileType = sourcecode.swift; path = AccessOptionsRouter.swift; sourceTree = "<group>"; };
		F846E3962970B32E0089E19B /* animatedMobilePhone.gif */ = {isa = PBXFileReference; lastKnownFileType = image.gif; path = animatedMobilePhone.gif; sourceTree = "<group>"; };
		F846E3982970B3460089E19B /* SetupGif.swift */ = {isa = PBXFileReference; fileEncoding = 4; lastKnownFileType = sourcecode.swift; path = SetupGif.swift; sourceTree = "<group>"; };
		F846E39A2970B5820089E19B /* LoginViewController.swift */ = {isa = PBXFileReference; lastKnownFileType = sourcecode.swift; path = LoginViewController.swift; sourceTree = "<group>"; };
		F867AAA2296C36B300C14767 /* SetupStatusBar.swift */ = {isa = PBXFileReference; fileEncoding = 4; lastKnownFileType = sourcecode.swift; path = SetupStatusBar.swift; sourceTree = "<group>"; };
		F867AAA3296C36B300C14767 /* AppRotations.swift */ = {isa = PBXFileReference; fileEncoding = 4; lastKnownFileType = sourcecode.swift; path = AppRotations.swift; sourceTree = "<group>"; };
		F867AAA4296C36B300C14767 /* Colors.swift */ = {isa = PBXFileReference; fileEncoding = 4; lastKnownFileType = sourcecode.swift; path = Colors.swift; sourceTree = "<group>"; };
		F86D36B72982BA0E004C3A82 /* AcTokenExtension.swift */ = {isa = PBXFileReference; lastKnownFileType = sourcecode.swift; path = AcTokenExtension.swift; sourceTree = "<group>"; };
		F86D36B92982BA15004C3A82 /* AcTokenFactory.swift */ = {isa = PBXFileReference; lastKnownFileType = sourcecode.swift; path = AcTokenFactory.swift; sourceTree = "<group>"; };
		F86D36BB2982BA21004C3A82 /* AcTokenInteractor.swift */ = {isa = PBXFileReference; lastKnownFileType = sourcecode.swift; path = AcTokenInteractor.swift; sourceTree = "<group>"; };
		F86D36BD2982BA2A004C3A82 /* AcTokenPresenter.swift */ = {isa = PBXFileReference; lastKnownFileType = sourcecode.swift; path = AcTokenPresenter.swift; sourceTree = "<group>"; };
		F86D36BF2982BA31004C3A82 /* AcTokenRouter.swift */ = {isa = PBXFileReference; lastKnownFileType = sourcecode.swift; path = AcTokenRouter.swift; sourceTree = "<group>"; };
		F8BCCBCF296C35280088AF28 /* paymentsApp.app */ = {isa = PBXFileReference; explicitFileType = wrapper.application; includeInIndex = 0; path = paymentsApp.app; sourceTree = BUILT_PRODUCTS_DIR; };
		F8BCCBD2296C35280088AF28 /* AppDelegate.swift */ = {isa = PBXFileReference; lastKnownFileType = sourcecode.swift; path = AppDelegate.swift; sourceTree = "<group>"; };
		F8BCCBD4296C35280088AF28 /* SceneDelegate.swift */ = {isa = PBXFileReference; lastKnownFileType = sourcecode.swift; path = SceneDelegate.swift; sourceTree = "<group>"; };
		F8BCCBD6296C35280088AF28 /* SplashViewController.swift */ = {isa = PBXFileReference; lastKnownFileType = sourcecode.swift; path = SplashViewController.swift; sourceTree = "<group>"; };
		F8BCCBD9296C35280088AF28 /* Base */ = {isa = PBXFileReference; lastKnownFileType = file.storyboard; name = Base; path = Base.lproj/Main.storyboard; sourceTree = "<group>"; };
		F8BCCBDB296C352A0088AF28 /* Assets.xcassets */ = {isa = PBXFileReference; lastKnownFileType = folder.assetcatalog; path = Assets.xcassets; sourceTree = "<group>"; };
		F8BCCBDE296C352A0088AF28 /* Base */ = {isa = PBXFileReference; lastKnownFileType = file.storyboard; name = Base; path = Base.lproj/LaunchScreen.storyboard; sourceTree = "<group>"; };
		F8BCCBE0296C352A0088AF28 /* Info.plist */ = {isa = PBXFileReference; lastKnownFileType = text.plist.xml; path = Info.plist; sourceTree = "<group>"; };
		F8EAE91F296E3BB6001475E0 /* PreLoginViewController.swift */ = {isa = PBXFileReference; lastKnownFileType = sourcecode.swift; path = PreLoginViewController.swift; sourceTree = "<group>"; };
		F8EAE921296E3BC2001475E0 /* PreLoginInteractor.swift */ = {isa = PBXFileReference; lastKnownFileType = sourcecode.swift; path = PreLoginInteractor.swift; sourceTree = "<group>"; };
		F8EAE923296E3BC9001475E0 /* PreLoginPresenter.swift */ = {isa = PBXFileReference; lastKnownFileType = sourcecode.swift; path = PreLoginPresenter.swift; sourceTree = "<group>"; };
		F8EAE925296E3BD7001475E0 /* PreLoginFactory.swift */ = {isa = PBXFileReference; lastKnownFileType = sourcecode.swift; path = PreLoginFactory.swift; sourceTree = "<group>"; };
		F8EAE927296E3BE1001475E0 /* PreLoginRouter.swift */ = {isa = PBXFileReference; lastKnownFileType = sourcecode.swift; path = PreLoginRouter.swift; sourceTree = "<group>"; };
		F8EAE929296E3BE8001475E0 /* PreLoginExtension.swift */ = {isa = PBXFileReference; lastKnownFileType = sourcecode.swift; path = PreLoginExtension.swift; sourceTree = "<group>"; };
/* End PBXFileReference section */

/* Begin PBXFrameworksBuildPhase section */
		F8BCCBCC296C35280088AF28 /* Frameworks */ = {
			isa = PBXFrameworksBuildPhase;
			buildActionMask = 2147483647;
			files = (
				B39FCED4A4EB8BC7B6170AF2 /* Pods_paymentsApp.framework in Frameworks */,
			);
			runOnlyForDeploymentPostprocessing = 0;
		};
/* End PBXFrameworksBuildPhase section */

/* Begin PBXGroup section */
		CE9EB3628A6D57F2FD0AC916 /* Frameworks */ = {
			isa = PBXGroup;
			children = (
				0BA0DA280596207CB832827D /* Pods_paymentsApp.framework */,
			);
			name = Frameworks;
			sourceTree = "<group>";
		};
		F800A90D297388E200FD8EF9 /* Login */ = {
			isa = PBXGroup;
			children = (
				F800A91229742D3100FD8EF9 /* LoginExtension.swift */,
				F800A91029742D2900FD8EF9 /* LoginFactory.swift */,
				F800A91429742D3B00FD8EF9 /* LoginInteractor.swift */,
				F800A91629742D4400FD8EF9 /* LoginPresenter.swift */,
				F800A91829742D4B00FD8EF9 /* LoginRouter.swift */,
				F846E39A2970B5820089E19B /* LoginViewController.swift */,
			);
			path = Login;
			sourceTree = "<group>";
		};
		F8380F4C296D8F3C00CAE3B0 /* Splash */ = {
			isa = PBXGroup;
			children = (
				F8380F51296D8F6B00CAE3B0 /* SplashFactory.swift */,
				F8380F4D296D8F5800CAE3B0 /* SplashInteractor.swift */,
				F8380F4F296D8F6000CAE3B0 /* SplashPresenter.swift */,
				F8380F53296D8F7200CAE3B0 /* SplashRouter.swift */,
				F8BCCBD6296C35280088AF28 /* SplashViewController.swift */,
			);
			path = Splash;
			sourceTree = "<group>";
		};
		F846E37F2970A7FC0089E19B /* Pix */ = {
			isa = PBXGroup;
			children = (
				F846E3822970A8DC0089E19B /* PixViewController.swift */,
			);
			path = Pix;
			sourceTree = "<group>";
		};
		F846E3802970A8020089E19B /* AcToken */ = {
			isa = PBXGroup;
			children = (
				F86D36B72982BA0E004C3A82 /* AcTokenExtension.swift */,
				F86D36B92982BA15004C3A82 /* AcTokenFactory.swift */,
				F86D36BB2982BA21004C3A82 /* AcTokenInteractor.swift */,
				F86D36BD2982BA2A004C3A82 /* AcTokenPresenter.swift */,
				F86D36BF2982BA31004C3A82 /* AcTokenRouter.swift */,
				F846E3842970A8F50089E19B /* AcTokenViewController.swift */,
			);
			path = AcToken;
			sourceTree = "<group>";
		};
		F846E3812970A8080089E19B /* Access */ = {
			isa = PBXGroup;
			children = (
				F846E3892970AA000089E19B /* AccessOptions */,
				F800A90D297388E200FD8EF9 /* Login */,
			);
			path = Access;
			sourceTree = "<group>";
		};
		F846E3892970AA000089E19B /* AccessOptions */ = {
			isa = PBXGroup;
			children = (
				F846E38A2970ABA30089E19B /* AccessOptionsExtension.swift */,
				F846E38C2970ABB10089E19B /* AccessOptionsFactory.swift */,
				F846E38E2970ABBA0089E19B /* AccessOptionsInteractor.swift */,
				F846E3902970ABC10089E19B /* AccessOptionsPresenter.swift */,
				F846E3922970ABCA0089E19B /* AccessOptionsRouter.swift */,
				F846E3872970A9350089E19B /* AccessOptionsViewController.swift */,
			);
			path = AccessOptions;
			sourceTree = "<group>";
		};
		F846E3942970B2FE0089E19B /* Gifs */ = {
			isa = PBXGroup;
			children = (
				F846E3952970B3040089E19B /* Image-Json */,
				F846E3982970B3460089E19B /* SetupGif.swift */,
			);
			path = Gifs;
			sourceTree = "<group>";
		};
		F846E3952970B3040089E19B /* Image-Json */ = {
			isa = PBXGroup;
			children = (
				F846E3962970B32E0089E19B /* animatedMobilePhone.gif */,
			);
			path = "Image-Json";
			sourceTree = "<group>";
		};
		F867AAA0296C368A00C14767 /* Storyboard-Xib */ = {
			isa = PBXGroup;
			children = (
				F8BCCBD8296C35280088AF28 /* Main.storyboard */,
				F8BCCBDD296C352A0088AF28 /* LaunchScreen.storyboard */,
			);
			path = "Storyboard-Xib";
			sourceTree = "<group>";
		};
		F867AAA1296C36A400C14767 /* Utilities */ = {
			isa = PBXGroup;
			children = (
				F867AAA3296C36B300C14767 /* AppRotations.swift */,
				F8BCCBDB296C352A0088AF28 /* Assets.xcassets */,
				F80EB4DF29770FF50054911F /* Background.swift */,
				F800A91B2974345800FD8EF9 /* Buttons.swift */,
				F867AAA4296C36B300C14767 /* Colors.swift */,
				F800A91D29743AE900FD8EF9 /* DismissPopVcAll.swift */,
				F846E3942970B2FE0089E19B /* Gifs */,
				F867AAA2296C36B300C14767 /* SetupStatusBar.swift */,
				F800A9232974D3DA00FD8EF9 /* TextField.swift */,
			);
			path = Utilities;
			sourceTree = "<group>";
		};
		F867AAA8296C372E00C14767 /* CleanApp */ = {
			isa = PBXGroup;
			children = (
				F867AAA9296C373500C14767 /* Scenes */,
			);
			path = CleanApp;
			sourceTree = "<group>";
		};
		F867AAA9296C373500C14767 /* Scenes */ = {
			isa = PBXGroup;
			children = (
				F8380F4C296D8F3C00CAE3B0 /* Splash */,
				F8EAE91E296E3BA2001475E0 /* PreLogin */,
				F846E37F2970A7FC0089E19B /* Pix */,
				F846E3802970A8020089E19B /* AcToken */,
				F846E3812970A8080089E19B /* Access */,
			);
			path = Scenes;
			sourceTree = "<group>";
		};
		F867AAAA296C374A00C14767 /* Resources */ = {
			isa = PBXGroup;
			children = (
				F8BCCBD2296C35280088AF28 /* AppDelegate.swift */,
				F8BCCBD4296C35280088AF28 /* SceneDelegate.swift */,
			);
			path = Resources;
			sourceTree = "<group>";
		};
		F8BCCBC6296C35280088AF28 = {
			isa = PBXGroup;
			children = (
				F8BCCBD1296C35280088AF28 /* paymentsApp */,
				F8BCCBD0296C35280088AF28 /* Products */,
				FA7F1CB878AECAACD1DE5501 /* Pods */,
				CE9EB3628A6D57F2FD0AC916 /* Frameworks */,
			);
			sourceTree = "<group>";
		};
		F8BCCBD0296C35280088AF28 /* Products */ = {
			isa = PBXGroup;
			children = (
				F8BCCBCF296C35280088AF28 /* paymentsApp.app */,
			);
			name = Products;
			sourceTree = "<group>";
		};
		F8BCCBD1296C35280088AF28 /* paymentsApp */ = {
			isa = PBXGroup;
			children = (
				F867AAA8296C372E00C14767 /* CleanApp */,
				F867AAAA296C374A00C14767 /* Resources */,
				F867AAA0296C368A00C14767 /* Storyboard-Xib */,
				F867AAA1296C36A400C14767 /* Utilities */,
				F8BCCBE0296C352A0088AF28 /* Info.plist */,
			);
			path = paymentsApp;
			sourceTree = "<group>";
		};
		F8EAE91E296E3BA2001475E0 /* PreLogin */ = {
			isa = PBXGroup;
			children = (
				F8EAE929296E3BE8001475E0 /* PreLoginExtension.swift */,
				F8EAE925296E3BD7001475E0 /* PreLoginFactory.swift */,
				F8EAE921296E3BC2001475E0 /* PreLoginInteractor.swift */,
				F8EAE923296E3BC9001475E0 /* PreLoginPresenter.swift */,
				F8EAE927296E3BE1001475E0 /* PreLoginRouter.swift */,
				F8EAE91F296E3BB6001475E0 /* PreLoginViewController.swift */,
			);
			path = PreLogin;
			sourceTree = "<group>";
		};
		FA7F1CB878AECAACD1DE5501 /* Pods */ = {
			isa = PBXGroup;
			children = (
				58731E38B6AF2460448FCD92 /* Pods-paymentsApp.debug.xcconfig */,
				35AA57F68EBB9589932F34DB /* Pods-paymentsApp.release.xcconfig */,
			);
			path = Pods;
			sourceTree = "<group>";
		};
/* End PBXGroup section */

/* Begin PBXNativeTarget section */
		F8BCCBCE296C35280088AF28 /* paymentsApp */ = {
			isa = PBXNativeTarget;
			buildConfigurationList = F8BCCBE3296C352A0088AF28 /* Build configuration list for PBXNativeTarget "paymentsApp" */;
			buildPhases = (
				912AD338F1EE418D2DC41E8F /* [CP] Check Pods Manifest.lock */,
				F8BCCBCB296C35280088AF28 /* Sources */,
				F8BCCBCC296C35280088AF28 /* Frameworks */,
				F8BCCBCD296C35280088AF28 /* Resources */,
				EA38C228A505DB18FFC089ED /* [CP] Embed Pods Frameworks */,
			);
			buildRules = (
			);
			dependencies = (
			);
			name = paymentsApp;
			productName = paymentsApp;
			productReference = F8BCCBCF296C35280088AF28 /* paymentsApp.app */;
			productType = "com.apple.product-type.application";
		};
/* End PBXNativeTarget section */

/* Begin PBXProject section */
		F8BCCBC7296C35280088AF28 /* Project object */ = {
			isa = PBXProject;
			attributes = {
				BuildIndependentTargetsInParallel = 1;
				LastSwiftUpdateCheck = 1330;
				LastUpgradeCheck = 1330;
				TargetAttributes = {
					F8BCCBCE296C35280088AF28 = {
						CreatedOnToolsVersion = 13.3;
					};
				};
			};
			buildConfigurationList = F8BCCBCA296C35280088AF28 /* Build configuration list for PBXProject "paymentsApp" */;
			compatibilityVersion = "Xcode 13.0";
			developmentRegion = en;
			hasScannedForEncodings = 0;
			knownRegions = (
				en,
				Base,
			);
			mainGroup = F8BCCBC6296C35280088AF28;
			productRefGroup = F8BCCBD0296C35280088AF28 /* Products */;
			projectDirPath = "";
			projectRoot = "";
			targets = (
				F8BCCBCE296C35280088AF28 /* paymentsApp */,
			);
		};
/* End PBXProject section */

/* Begin PBXResourcesBuildPhase section */
		F8BCCBCD296C35280088AF28 /* Resources */ = {
			isa = PBXResourcesBuildPhase;
			buildActionMask = 2147483647;
			files = (
				F846E3972970B32E0089E19B /* animatedMobilePhone.gif in Resources */,
				F8BCCBDF296C352A0088AF28 /* LaunchScreen.storyboard in Resources */,
				F8BCCBDC296C352A0088AF28 /* Assets.xcassets in Resources */,
				F8BCCBDA296C35280088AF28 /* Main.storyboard in Resources */,
			);
			runOnlyForDeploymentPostprocessing = 0;
		};
/* End PBXResourcesBuildPhase section */

/* Begin PBXShellScriptBuildPhase section */
		912AD338F1EE418D2DC41E8F /* [CP] Check Pods Manifest.lock */ = {
			isa = PBXShellScriptBuildPhase;
			buildActionMask = 2147483647;
			files = (
			);
			inputFileListPaths = (
			);
			inputPaths = (
				"${PODS_PODFILE_DIR_PATH}/Podfile.lock",
				"${PODS_ROOT}/Manifest.lock",
			);
			name = "[CP] Check Pods Manifest.lock";
			outputFileListPaths = (
			);
			outputPaths = (
				"$(DERIVED_FILE_DIR)/Pods-paymentsApp-checkManifestLockResult.txt",
			);
			runOnlyForDeploymentPostprocessing = 0;
			shellPath = /bin/sh;
			shellScript = "diff \"${PODS_PODFILE_DIR_PATH}/Podfile.lock\" \"${PODS_ROOT}/Manifest.lock\" > /dev/null\nif [ $? != 0 ] ; then\n    # print error to STDERR\n    echo \"error: The sandbox is not in sync with the Podfile.lock. Run 'pod install' or update your CocoaPods installation.\" >&2\n    exit 1\nfi\n# This output is used by Xcode 'outputs' to avoid re-running this script phase.\necho \"SUCCESS\" > \"${SCRIPT_OUTPUT_FILE_0}\"\n";
			showEnvVarsInLog = 0;
		};
		EA38C228A505DB18FFC089ED /* [CP] Embed Pods Frameworks */ = {
			isa = PBXShellScriptBuildPhase;
			buildActionMask = 2147483647;
			files = (
			);
			inputFileListPaths = (
				"${PODS_ROOT}/Target Support Files/Pods-paymentsApp/Pods-paymentsApp-frameworks-${CONFIGURATION}-input-files.xcfilelist",
			);
			name = "[CP] Embed Pods Frameworks";
			outputFileListPaths = (
				"${PODS_ROOT}/Target Support Files/Pods-paymentsApp/Pods-paymentsApp-frameworks-${CONFIGURATION}-output-files.xcfilelist",
			);
			runOnlyForDeploymentPostprocessing = 0;
			shellPath = /bin/sh;
			shellScript = "\"${PODS_ROOT}/Target Support Files/Pods-paymentsApp/Pods-paymentsApp-frameworks.sh\"\n";
			showEnvVarsInLog = 0;
		};
/* End PBXShellScriptBuildPhase section */

/* Begin PBXSourcesBuildPhase section */
		F8BCCBCB296C35280088AF28 /* Sources */ = {
			isa = PBXSourcesBuildPhase;
			buildActionMask = 2147483647;
			files = (
				F846E3832970A8DC0089E19B /* PixViewController.swift in Sources */,
				F846E3912970ABC10089E19B /* AccessOptionsPresenter.swift in Sources */,
				F846E38D2970ABB10089E19B /* AccessOptionsFactory.swift in Sources */,
				F800A91529742D3B00FD8EF9 /* LoginInteractor.swift in Sources */,
				F8BCCBD7296C35280088AF28 /* SplashViewController.swift in Sources */,
				F86D36BE2982BA2A004C3A82 /* AcTokenPresenter.swift in Sources */,
				F8380F4E296D8F5800CAE3B0 /* SplashInteractor.swift in Sources */,
				F867AAA7296C36B300C14767 /* Colors.swift in Sources */,
				F846E38F2970ABBA0089E19B /* AccessOptionsInteractor.swift in Sources */,
				F8EAE924296E3BC9001475E0 /* PreLoginPresenter.swift in Sources */,
				F846E3992970B3460089E19B /* SetupGif.swift in Sources */,
				F800A91329742D3100FD8EF9 /* LoginExtension.swift in Sources */,
				F800A9242974D3DA00FD8EF9 /* TextField.swift in Sources */,
				F80EB4E029770FF50054911F /* Background.swift in Sources */,
				F800A91E29743AE900FD8EF9 /* DismissPopVcAll.swift in Sources */,
				F8380F50296D8F6000CAE3B0 /* SplashPresenter.swift in Sources */,
				F846E3932970ABCA0089E19B /* AccessOptionsRouter.swift in Sources */,
				F8EAE920296E3BB6001475E0 /* PreLoginViewController.swift in Sources */,
				F8EAE928296E3BE1001475E0 /* PreLoginRouter.swift in Sources */,
				F8EAE926296E3BD7001475E0 /* PreLoginFactory.swift in Sources */,
				F800A91129742D2900FD8EF9 /* LoginFactory.swift in Sources */,
				F846E3882970A9350089E19B /* AccessOptionsViewController.swift in Sources */,
				F867AAA6296C36B300C14767 /* AppRotations.swift in Sources */,
				F86D36BA2982BA15004C3A82 /* AcTokenFactory.swift in Sources */,
				F846E39B2970B5820089E19B /* LoginViewController.swift in Sources */,
				F8EAE922296E3BC2001475E0 /* PreLoginInteractor.swift in Sources */,
				F8380F54296D8F7200CAE3B0 /* SplashRouter.swift in Sources */,
				F867AAA5296C36B300C14767 /* SetupStatusBar.swift in Sources */,
				F86D36C02982BA31004C3A82 /* AcTokenRouter.swift in Sources */,
				F800A91C2974345800FD8EF9 /* Buttons.swift in Sources */,
				F86D36B82982BA0E004C3A82 /* AcTokenExtension.swift in Sources */,
				F8BCCBD3296C35280088AF28 /* AppDelegate.swift in Sources */,
				F800A91929742D4B00FD8EF9 /* LoginRouter.swift in Sources */,
				F800A91729742D4400FD8EF9 /* LoginPresenter.swift in Sources */,
				F8380F52296D8F6B00CAE3B0 /* SplashFactory.swift in Sources */,
				F846E38B2970ABA30089E19B /* AccessOptionsExtension.swift in Sources */,
				F86D36BC2982BA21004C3A82 /* AcTokenInteractor.swift in Sources */,
				F846E3852970A8F50089E19B /* AcTokenViewController.swift in Sources */,
				F8BCCBD5296C35280088AF28 /* SceneDelegate.swift in Sources */,
				F8EAE92A296E3BE8001475E0 /* PreLoginExtension.swift in Sources */,
			);
			runOnlyForDeploymentPostprocessing = 0;
		};
/* End PBXSourcesBuildPhase section */

/* Begin PBXVariantGroup section */
		F8BCCBD8296C35280088AF28 /* Main.storyboard */ = {
			isa = PBXVariantGroup;
			children = (
				F8BCCBD9296C35280088AF28 /* Base */,
			);
			name = Main.storyboard;
			sourceTree = "<group>";
		};
		F8BCCBDD296C352A0088AF28 /* LaunchScreen.storyboard */ = {
			isa = PBXVariantGroup;
			children = (
				F8BCCBDE296C352A0088AF28 /* Base */,
			);
			name = LaunchScreen.storyboard;
			sourceTree = "<group>";
		};
/* End PBXVariantGroup section */

/* Begin XCBuildConfiguration section */
		F8BCCBE1296C352A0088AF28 /* Debug */ = {
			isa = XCBuildConfiguration;
			buildSettings = {
				ALWAYS_SEARCH_USER_PATHS = NO;
				CLANG_ANALYZER_NONNULL = YES;
				CLANG_ANALYZER_NUMBER_OBJECT_CONVERSION = YES_AGGRESSIVE;
				CLANG_CXX_LANGUAGE_STANDARD = "gnu++17";
				CLANG_ENABLE_MODULES = YES;
				CLANG_ENABLE_OBJC_ARC = YES;
				CLANG_ENABLE_OBJC_WEAK = YES;
				CLANG_WARN_BLOCK_CAPTURE_AUTORELEASING = YES;
				CLANG_WARN_BOOL_CONVERSION = YES;
				CLANG_WARN_COMMA = YES;
				CLANG_WARN_CONSTANT_CONVERSION = YES;
				CLANG_WARN_DEPRECATED_OBJC_IMPLEMENTATIONS = YES;
				CLANG_WARN_DIRECT_OBJC_ISA_USAGE = YES_ERROR;
				CLANG_WARN_DOCUMENTATION_COMMENTS = YES;
				CLANG_WARN_EMPTY_BODY = YES;
				CLANG_WARN_ENUM_CONVERSION = YES;
				CLANG_WARN_INFINITE_RECURSION = YES;
				CLANG_WARN_INT_CONVERSION = YES;
				CLANG_WARN_NON_LITERAL_NULL_CONVERSION = YES;
				CLANG_WARN_OBJC_IMPLICIT_RETAIN_SELF = YES;
				CLANG_WARN_OBJC_LITERAL_CONVERSION = YES;
				CLANG_WARN_OBJC_ROOT_CLASS = YES_ERROR;
				CLANG_WARN_QUOTED_INCLUDE_IN_FRAMEWORK_HEADER = YES;
				CLANG_WARN_RANGE_LOOP_ANALYSIS = YES;
				CLANG_WARN_STRICT_PROTOTYPES = YES;
				CLANG_WARN_SUSPICIOUS_MOVE = YES;
				CLANG_WARN_UNGUARDED_AVAILABILITY = YES_AGGRESSIVE;
				CLANG_WARN_UNREACHABLE_CODE = YES;
				CLANG_WARN__DUPLICATE_METHOD_MATCH = YES;
				COPY_PHASE_STRIP = NO;
				DEBUG_INFORMATION_FORMAT = dwarf;
				ENABLE_STRICT_OBJC_MSGSEND = YES;
				ENABLE_TESTABILITY = YES;
				GCC_C_LANGUAGE_STANDARD = gnu11;
				GCC_DYNAMIC_NO_PIC = NO;
				GCC_NO_COMMON_BLOCKS = YES;
				GCC_OPTIMIZATION_LEVEL = 0;
				GCC_PREPROCESSOR_DEFINITIONS = (
					"DEBUG=1",
					"$(inherited)",
				);
				GCC_WARN_64_TO_32_BIT_CONVERSION = YES;
				GCC_WARN_ABOUT_RETURN_TYPE = YES_ERROR;
				GCC_WARN_UNDECLARED_SELECTOR = YES;
				GCC_WARN_UNINITIALIZED_AUTOS = YES_AGGRESSIVE;
				GCC_WARN_UNUSED_FUNCTION = YES;
				GCC_WARN_UNUSED_VARIABLE = YES;
				IPHONEOS_DEPLOYMENT_TARGET = 15.4;
				MTL_ENABLE_DEBUG_INFO = INCLUDE_SOURCE;
				MTL_FAST_MATH = YES;
				ONLY_ACTIVE_ARCH = YES;
				SDKROOT = iphoneos;
				SWIFT_ACTIVE_COMPILATION_CONDITIONS = DEBUG;
				SWIFT_OPTIMIZATION_LEVEL = "-Onone";
			};
			name = Debug;
		};
		F8BCCBE2296C352A0088AF28 /* Release */ = {
			isa = XCBuildConfiguration;
			buildSettings = {
				ALWAYS_SEARCH_USER_PATHS = NO;
				CLANG_ANALYZER_NONNULL = YES;
				CLANG_ANALYZER_NUMBER_OBJECT_CONVERSION = YES_AGGRESSIVE;
				CLANG_CXX_LANGUAGE_STANDARD = "gnu++17";
				CLANG_ENABLE_MODULES = YES;
				CLANG_ENABLE_OBJC_ARC = YES;
				CLANG_ENABLE_OBJC_WEAK = YES;
				CLANG_WARN_BLOCK_CAPTURE_AUTORELEASING = YES;
				CLANG_WARN_BOOL_CONVERSION = YES;
				CLANG_WARN_COMMA = YES;
				CLANG_WARN_CONSTANT_CONVERSION = YES;
				CLANG_WARN_DEPRECATED_OBJC_IMPLEMENTATIONS = YES;
				CLANG_WARN_DIRECT_OBJC_ISA_USAGE = YES_ERROR;
				CLANG_WARN_DOCUMENTATION_COMMENTS = YES;
				CLANG_WARN_EMPTY_BODY = YES;
				CLANG_WARN_ENUM_CONVERSION = YES;
				CLANG_WARN_INFINITE_RECURSION = YES;
				CLANG_WARN_INT_CONVERSION = YES;
				CLANG_WARN_NON_LITERAL_NULL_CONVERSION = YES;
				CLANG_WARN_OBJC_IMPLICIT_RETAIN_SELF = YES;
				CLANG_WARN_OBJC_LITERAL_CONVERSION = YES;
				CLANG_WARN_OBJC_ROOT_CLASS = YES_ERROR;
				CLANG_WARN_QUOTED_INCLUDE_IN_FRAMEWORK_HEADER = YES;
				CLANG_WARN_RANGE_LOOP_ANALYSIS = YES;
				CLANG_WARN_STRICT_PROTOTYPES = YES;
				CLANG_WARN_SUSPICIOUS_MOVE = YES;
				CLANG_WARN_UNGUARDED_AVAILABILITY = YES_AGGRESSIVE;
				CLANG_WARN_UNREACHABLE_CODE = YES;
				CLANG_WARN__DUPLICATE_METHOD_MATCH = YES;
				COPY_PHASE_STRIP = NO;
				DEBUG_INFORMATION_FORMAT = "dwarf-with-dsym";
				ENABLE_NS_ASSERTIONS = NO;
				ENABLE_STRICT_OBJC_MSGSEND = YES;
				GCC_C_LANGUAGE_STANDARD = gnu11;
				GCC_NO_COMMON_BLOCKS = YES;
				GCC_WARN_64_TO_32_BIT_CONVERSION = YES;
				GCC_WARN_ABOUT_RETURN_TYPE = YES_ERROR;
				GCC_WARN_UNDECLARED_SELECTOR = YES;
				GCC_WARN_UNINITIALIZED_AUTOS = YES_AGGRESSIVE;
				GCC_WARN_UNUSED_FUNCTION = YES;
				GCC_WARN_UNUSED_VARIABLE = YES;
				IPHONEOS_DEPLOYMENT_TARGET = 15.4;
				MTL_ENABLE_DEBUG_INFO = NO;
				MTL_FAST_MATH = YES;
				SDKROOT = iphoneos;
				SWIFT_COMPILATION_MODE = wholemodule;
				SWIFT_OPTIMIZATION_LEVEL = "-O";
				VALIDATE_PRODUCT = YES;
			};
			name = Release;
		};
		F8BCCBE4296C352A0088AF28 /* Debug */ = {
			isa = XCBuildConfiguration;
			baseConfigurationReference = 58731E38B6AF2460448FCD92 /* Pods-paymentsApp.debug.xcconfig */;
			buildSettings = {
				ASSETCATALOG_COMPILER_APPICON_NAME = AppIcon;
				ASSETCATALOG_COMPILER_GLOBAL_ACCENT_COLOR_NAME = AccentColor;
				CODE_SIGN_IDENTITY = "Apple Development";
				CODE_SIGN_STYLE = Automatic;
				CURRENT_PROJECT_VERSION = 1;
				DEVELOPMENT_TEAM = "";
				GENERATE_INFOPLIST_FILE = YES;
				INFOPLIST_FILE = paymentsApp/Info.plist;
				INFOPLIST_KEY_CFBundleDisplayName = "Alpha Credit";
				INFOPLIST_KEY_UIApplicationSupportsIndirectInputEvents = YES;
				INFOPLIST_KEY_UILaunchStoryboardName = LaunchScreen;
				INFOPLIST_KEY_UISupportedInterfaceOrientations_iPad = "UIInterfaceOrientationPortrait UIInterfaceOrientationPortraitUpsideDown UIInterfaceOrientationLandscapeLeft UIInterfaceOrientationLandscapeRight";
				INFOPLIST_KEY_UISupportedInterfaceOrientations_iPhone = "UIInterfaceOrientationPortrait UIInterfaceOrientationLandscapeLeft UIInterfaceOrientationLandscapeRight";
				LD_RUNPATH_SEARCH_PATHS = (
					"$(inherited)",
					"@executable_path/Frameworks",
				);
				MARKETING_VERSION = 1.0;
				PRODUCT_BUNDLE_IDENTIFIER = paymentsApp;
				PRODUCT_NAME = "$(TARGET_NAME)";
				PROVISIONING_PROFILE_SPECIFIER = "";
				SWIFT_EMIT_LOC_STRINGS = YES;
				SWIFT_VERSION = 5.0;
				TARGETED_DEVICE_FAMILY = "1,2";
			};
			name = Debug;
		};
		F8BCCBE5296C352A0088AF28 /* Release */ = {
			isa = XCBuildConfiguration;
			baseConfigurationReference = 35AA57F68EBB9589932F34DB /* Pods-paymentsApp.release.xcconfig */;
			buildSettings = {
				ASSETCATALOG_COMPILER_APPICON_NAME = AppIcon;
				ASSETCATALOG_COMPILER_GLOBAL_ACCENT_COLOR_NAME = AccentColor;
				CODE_SIGN_IDENTITY = "Apple Development";
				CODE_SIGN_STYLE = Automatic;
				CURRENT_PROJECT_VERSION = 1;
				DEVELOPMENT_TEAM = "";
				GENERATE_INFOPLIST_FILE = YES;
				INFOPLIST_FILE = paymentsApp/Info.plist;
				INFOPLIST_KEY_CFBundleDisplayName = "Alpha Credit";
				INFOPLIST_KEY_UIApplicationSupportsIndirectInputEvents = YES;
				INFOPLIST_KEY_UILaunchStoryboardName = LaunchScreen;
				INFOPLIST_KEY_UISupportedInterfaceOrientations_iPad = "UIInterfaceOrientationPortrait UIInterfaceOrientationPortraitUpsideDown UIInterfaceOrientationLandscapeLeft UIInterfaceOrientationLandscapeRight";
				INFOPLIST_KEY_UISupportedInterfaceOrientations_iPhone = "UIInterfaceOrientationPortrait UIInterfaceOrientationLandscapeLeft UIInterfaceOrientationLandscapeRight";
				LD_RUNPATH_SEARCH_PATHS = (
					"$(inherited)",
					"@executable_path/Frameworks",
				);
				MARKETING_VERSION = 1.0;
				PRODUCT_BUNDLE_IDENTIFIER = paymentsApp;
				PRODUCT_NAME = "$(TARGET_NAME)";
				PROVISIONING_PROFILE_SPECIFIER = "";
				SWIFT_EMIT_LOC_STRINGS = YES;
				SWIFT_VERSION = 5.0;
				TARGETED_DEVICE_FAMILY = "1,2";
			};
			name = Release;
		};
/* End XCBuildConfiguration section */

/* Begin XCConfigurationList section */
		F8BCCBCA296C35280088AF28 /* Build configuration list for PBXProject "paymentsApp" */ = {
			isa = XCConfigurationList;
			buildConfigurations = (
				F8BCCBE1296C352A0088AF28 /* Debug */,
				F8BCCBE2296C352A0088AF28 /* Release */,
			);
			defaultConfigurationIsVisible = 0;
			defaultConfigurationName = Release;
		};
		F8BCCBE3296C352A0088AF28 /* Build configuration list for PBXNativeTarget "paymentsApp" */ = {
			isa = XCConfigurationList;
			buildConfigurations = (
				F8BCCBE4296C352A0088AF28 /* Debug */,
				F8BCCBE5296C352A0088AF28 /* Release */,
			);
			defaultConfigurationIsVisible = 0;
			defaultConfigurationName = Release;
		};
/* End XCConfigurationList section */
	};
	rootObject = F8BCCBC7296C35280088AF28 /* Project object */;
}
